// !$*UTF8*$!
{
	archiveVersion = 1;
	classes = {
	};
	objectVersion = 46;
	objects = {

/* Begin PBXBuildFile section */
		7E8B6ACE15D4318B00EE70B5 /* Chapter.m in Sources */ = {isa = PBXBuildFile; fileRef = 7E8B6ACD15D4318B00EE70B5 /* Chapter.m */; };
		7E8B6AD215D436C100EE70B5 /* vhugo.epub in Resources */ = {isa = PBXBuildFile; fileRef = 7E8B6AD115D436C100EE70B5 /* vhugo.epub */; };
		7E8B6B9E15D441CA00EE70B5 /* libz.1.2.5.dylib in Frameworks */ = {isa = PBXBuildFile; fileRef = 7E8B6AD415D43D0E00EE70B5 /* libz.1.2.5.dylib */; };
		7E8B6B9F15D441D100EE70B5 /* libxml2.2.7.3.dylib in Frameworks */ = {isa = PBXBuildFile; fileRef = 7E8B6AD615D43D5600EE70B5 /* libxml2.2.7.3.dylib */; };
		7E8B6BD215D442F300EE70B5 /* EPubService.m in Sources */ = {isa = PBXBuildFile; fileRef = 7E8B6BD115D442F300EE70B5 /* EPubService.m */; };
		7E8B6BE515D4464700EE70B5 /* ioapi.c in Sources */ = {isa = PBXBuildFile; fileRef = 7E8B6BDB15D4464700EE70B5 /* ioapi.c */; };
		7E8B6BE615D4464700EE70B5 /* mztools.c in Sources */ = {isa = PBXBuildFile; fileRef = 7E8B6BDD15D4464700EE70B5 /* mztools.c */; };
		7E8B6BE715D4464700EE70B5 /* unzip.c in Sources */ = {isa = PBXBuildFile; fileRef = 7E8B6BDF15D4464700EE70B5 /* unzip.c */; };
		7E8B6BE815D4464700EE70B5 /* zip.c in Sources */ = {isa = PBXBuildFile; fileRef = 7E8B6BE115D4464700EE70B5 /* zip.c */; };
		7E8B6C0815D4465000EE70B5 /* CXMLDocument_CreationExtensions.m in Sources */ = {isa = PBXBuildFile; fileRef = 7E8B6BED15D4465000EE70B5 /* CXMLDocument_CreationExtensions.m */; };
		7E8B6C0915D4465000EE70B5 /* CXMLNode_CreationExtensions.m in Sources */ = {isa = PBXBuildFile; fileRef = 7E8B6BEF15D4465000EE70B5 /* CXMLNode_CreationExtensions.m */; };
		7E8B6C0A15D4465000EE70B5 /* CXHTMLDocument.m in Sources */ = {isa = PBXBuildFile; fileRef = 7E8B6BF115D4465000EE70B5 /* CXHTMLDocument.m */; };
		7E8B6C0B15D4465000EE70B5 /* CXMLDocument.m in Sources */ = {isa = PBXBuildFile; fileRef = 7E8B6BF315D4465000EE70B5 /* CXMLDocument.m */; };
		7E8B6C0C15D4465000EE70B5 /* CXMLDocument_PrivateExtensions.m in Sources */ = {isa = PBXBuildFile; fileRef = 7E8B6BF515D4465000EE70B5 /* CXMLDocument_PrivateExtensions.m */; };
		7E8B6C0D15D4465000EE70B5 /* CXMLElement.m in Sources */ = {isa = PBXBuildFile; fileRef = 7E8B6BF715D4465000EE70B5 /* CXMLElement.m */; };
		7E8B6C0E15D4465000EE70B5 /* CXMLElement_CreationExtensions.m in Sources */ = {isa = PBXBuildFile; fileRef = 7E8B6BF915D4465000EE70B5 /* CXMLElement_CreationExtensions.m */; };
		7E8B6C0F15D4465000EE70B5 /* CXMLElement_ElementTreeExtensions.m in Sources */ = {isa = PBXBuildFile; fileRef = 7E8B6BFB15D4465000EE70B5 /* CXMLElement_ElementTreeExtensions.m */; };
		7E8B6C1015D4465000EE70B5 /* CXMLNamespaceNode.m in Sources */ = {isa = PBXBuildFile; fileRef = 7E8B6BFD15D4465000EE70B5 /* CXMLNamespaceNode.m */; };
		7E8B6C1115D4465000EE70B5 /* CXMLNode.m in Sources */ = {isa = PBXBuildFile; fileRef = 7E8B6BFF15D4465000EE70B5 /* CXMLNode.m */; };
		7E8B6C1215D4465000EE70B5 /* CXMLNode_PrivateExtensions.m in Sources */ = {isa = PBXBuildFile; fileRef = 7E8B6C0115D4465000EE70B5 /* CXMLNode_PrivateExtensions.m */; };
		7E8B6C1315D4465000EE70B5 /* CXMLNode_XPathExtensions.m in Sources */ = {isa = PBXBuildFile; fileRef = 7E8B6C0315D4465000EE70B5 /* CXMLNode_XPathExtensions.m */; };
		7E8B6C1415D4465000EE70B5 /* CTidy.m in Sources */ = {isa = PBXBuildFile; fileRef = 7E8B6C0615D4465000EE70B5 /* CTidy.m */; };
		7E8B6C1615D4478600EE70B5 /* ZipArchive.mm in Sources */ = {isa = PBXBuildFile; fileRef = 7E8B6C1515D4478600EE70B5 /* ZipArchive.mm */; };
		7E90C5BE15D45B1600E99ED8 /* ChapterWebDelegate.m in Sources */ = {isa = PBXBuildFile; fileRef = 7E90C5BD15D45B1600E99ED8 /* ChapterWebDelegate.m */; };
		7E90C5D215D4640B00E99ED8 /* GTMNSString+HTML.m in Sources */ = {isa = PBXBuildFile; fileRef = 7E90C5CB15D4640B00E99ED8 /* GTMNSString+HTML.m */; };
		7E90C5D315D4640B00E99ED8 /* NSString+HTML.m in Sources */ = {isa = PBXBuildFile; fileRef = 7E90C5CD15D4640B00E99ED8 /* NSString+HTML.m */; };
		7E90C5D515D4640B00E99ED8 /* UIWebView+SearchWebView.m in Sources */ = {isa = PBXBuildFile; fileRef = 7E90C5D115D4640B00E99ED8 /* UIWebView+SearchWebView.m */; };
		7EEE601815D317B700039462 /* UIKit.framework in Frameworks */ = {isa = PBXBuildFile; fileRef = 7EEE601715D317B700039462 /* UIKit.framework */; };
		7EEE601A15D317B700039462 /* Foundation.framework in Frameworks */ = {isa = PBXBuildFile; fileRef = 7EEE601915D317B700039462 /* Foundation.framework */; };
		7EEE601C15D317B700039462 /* CoreGraphics.framework in Frameworks */ = {isa = PBXBuildFile; fileRef = 7EEE601B15D317B700039462 /* CoreGraphics.framework */; };
		7EEE602215D317B700039462 /* InfoPlist.strings in Resources */ = {isa = PBXBuildFile; fileRef = 7EEE602015D317B700039462 /* InfoPlist.strings */; };
		7EEE602415D317B700039462 /* main.m in Sources */ = {isa = PBXBuildFile; fileRef = 7EEE602315D317B700039462 /* main.m */; };
		7EEE602815D317B700039462 /* AppDelegate.m in Sources */ = {isa = PBXBuildFile; fileRef = 7EEE602715D317B700039462 /* AppDelegate.m */; };
		7EEE607815D3191200039462 /* QuartzCore.framework in Frameworks */ = {isa = PBXBuildFile; fileRef = 7EEE607715D3191200039462 /* QuartzCore.framework */; };
		7EEE60A015D31D0800039462 /* MasterController.m in Sources */ = {isa = PBXBuildFile; fileRef = 7EEE609F15D31D0800039462 /* MasterController.m */; };
		7EEE60A515D31DAC00039462 /* EPubViewController.m in Sources */ = {isa = PBXBuildFile; fileRef = 7EEE60A315D31DAC00039462 /* EPubViewController.m */; };
		7EEE60A615D31DAC00039462 /* EPubViewController.xib in Resources */ = {isa = PBXBuildFile; fileRef = 7EEE60A415D31DAC00039462 /* EPubViewController.xib */; };
		CC00188F15EEBCAA00B81F5C /* MainViewController.m in Sources */ = {isa = PBXBuildFile; fileRef = CC00188E15EEBCAA00B81F5C /* MainViewController.m */; };
		CC7DE90815F194F900220134 /* MFSideMenuManager.m in Sources */ = {isa = PBXBuildFile; fileRef = CC7DE90515F194F900220134 /* MFSideMenuManager.m */; };
		CC7DE90915F194F900220134 /* UIViewController+MFSideMenu.m in Sources */ = {isa = PBXBuildFile; fileRef = CC7DE90715F194F900220134 /* UIViewController+MFSideMenu.m */; };
		CC7DE90E15F1A70D00220134 /* menu-icon.png in Resources */ = {isa = PBXBuildFile; fileRef = CC8F712415DB114C0099FD55 /* menu-icon.png */; };
		CC7DE90F15F1A70D00220134 /* menu-icon@2x.png in Resources */ = {isa = PBXBuildFile; fileRef = CC8F712515DB114C0099FD55 /* menu-icon@2x.png */; };
		CC83DE5B15DC84DD00509A29 /* Icon.png in Resources */ = {isa = PBXBuildFile; fileRef = CC83DE5A15DC84DD00509A29 /* Icon.png */; };
		CC83DE5D15DC84E000509A29 /* Icon@2x.png in Resources */ = {isa = PBXBuildFile; fileRef = CC83DE5C15DC84E000509A29 /* Icon@2x.png */; };
		CC84EC6D15DDAADF00EED8F1 /* FontView.xib in Resources */ = {isa = PBXBuildFile; fileRef = CC84EC6C15DDAADF00EED8F1 /* FontView.xib */; };
		CC84EC7315DDAD0B00EED8F1 /* FontView.m in Sources */ = {isa = PBXBuildFile; fileRef = CC84EC7215DDAD0B00EED8F1 /* FontView.m */; };
		CC8819D215E706310025D3C9 /* SliderViewController.m in Sources */ = {isa = PBXBuildFile; fileRef = CC8819D115E706310025D3C9 /* SliderViewController.m */; };
		CC8819D515E707AD0025D3C9 /* SliderViewController.xib in Resources */ = {isa = PBXBuildFile; fileRef = CC8819D415E707AD0025D3C9 /* SliderViewController.xib */; };
		CC8C981815DC513800E283A1 /* SearchResultsViewController.m in Sources */ = {isa = PBXBuildFile; fileRef = CC8C981715DC513800E283A1 /* SearchResultsViewController.m */; };
		CC8C981B15DC602F00E283A1 /* SearchResult.m in Sources */ = {isa = PBXBuildFile; fileRef = CC8C981A15DC602F00E283A1 /* SearchResult.m */; };
		CC8F713B15DB18330099FD55 /* SideMenuViewController.m in Sources */ = {isa = PBXBuildFile; fileRef = CC8F713A15DB18330099FD55 /* SideMenuViewController.m */; };
		CC8F716515DB2F8A0099FD55 /* SearchWebView.js in Sources */ = {isa = PBXBuildFile; fileRef = CC8F716415DB2F8A0099FD55 /* SearchWebView.js */; };
		CC8F716815DB30110099FD55 /* SearchResultsViewController.xib in Resources */ = {isa = PBXBuildFile; fileRef = CC8F716715DB30110099FD55 /* SearchResultsViewController.xib */; };
		CC96830A15D5D93400280420 /* ChapterListViewController.xib in Resources */ = {isa = PBXBuildFile; fileRef = CC96830915D5D93400280420 /* ChapterListViewController.xib */; };
		CCFE272115F5571C00A417BA /* font_image.jpeg in Resources */ = {isa = PBXBuildFile; fileRef = CCFE272015F5571C00A417BA /* font_image.jpeg */; };
		CCFE273E15F55F4500A417BA /* KSCGUtils.m in Sources */ = {isa = PBXBuildFile; fileRef = CCFE273115F55F4500A417BA /* KSCGUtils.m */; };
		CCFE273F15F55F4500A417BA /* KSPopoverView.m in Sources */ = {isa = PBXBuildFile; fileRef = CCFE273315F55F4500A417BA /* KSPopoverView.m */; };
		CCFE274015F55F4500A417BA /* KSPopoverViewButtonBase.m in Sources */ = {isa = PBXBuildFile; fileRef = CCFE273515F55F4500A417BA /* KSPopoverViewButtonBase.m */; };
		CCFE274115F55F4500A417BA /* KSPopoverViewButtonLabel.m in Sources */ = {isa = PBXBuildFile; fileRef = CCFE273715F55F4500A417BA /* KSPopoverViewButtonLabel.m */; };
		CCFE274215F55F4500A417BA /* KSPopoverViewButtonOnOff.m in Sources */ = {isa = PBXBuildFile; fileRef = CCFE273915F55F4500A417BA /* KSPopoverViewButtonOnOff.m */; };
		CCFE274315F55F4500A417BA /* KSPopoverViewParentButton.m in Sources */ = {isa = PBXBuildFile; fileRef = CCFE273B15F55F4500A417BA /* KSPopoverViewParentButton.m */; };
		CCFE274415F55F4500A417BA /* UIColor-Expanded.m in Sources */ = {isa = PBXBuildFile; fileRef = CCFE273D15F55F4500A417BA /* UIColor-Expanded.m */; };
		CCFECDC315ED9233006C3411 /* MainView.xib in Resources */ = {isa = PBXBuildFile; fileRef = CCFECDC215ED9233006C3411 /* MainView.xib */; };
		CCFF504715FEA3B70034B011 /* icono_fuente_m.gif in Resources */ = {isa = PBXBuildFile; fileRef = CCFF504615FEA3B70034B011 /* icono_fuente_m.gif */; };
		CCFF504C15FEA7A50034B011 /* HomeViewController.m in Sources */ = {isa = PBXBuildFile; fileRef = CCFF504A15FEA7A50034B011 /* HomeViewController.m */; };
		CCFF504D15FEA7A50034B011 /* HomeViewController.xib in Resources */ = {isa = PBXBuildFile; fileRef = CCFF504B15FEA7A50034B011 /* HomeViewController.xib */; };
		F1E72ADF16010CE500D3EC4F /* Default-Portrait~ipad.png in Resources */ = {isa = PBXBuildFile; fileRef = F1E72ADE16010CE500D3EC4F /* Default-Portrait~ipad.png */; };
		F1E72AE116010CE700D3EC4F /* Default-Portrait@2x~ipad.png in Resources */ = {isa = PBXBuildFile; fileRef = F1E72AE016010CE700D3EC4F /* Default-Portrait@2x~ipad.png */; };
		F1E72AE316010CEC00D3EC4F /* Default-Landscape~ipad.png in Resources */ = {isa = PBXBuildFile; fileRef = F1E72AE216010CEB00D3EC4F /* Default-Landscape~ipad.png */; };
		F1E72AE516010CED00D3EC4F /* Default-Landscape@2x~ipad.png in Resources */ = {isa = PBXBuildFile; fileRef = F1E72AE416010CED00D3EC4F /* Default-Landscape@2x~ipad.png */; };
/* End PBXBuildFile section */

/* Begin PBXFileReference section */
		7E8B6ACC15D4318B00EE70B5 /* Chapter.h */ = {isa = PBXFileReference; fileEncoding = 4; lastKnownFileType = sourcecode.c.h; path = Chapter.h; sourceTree = "<group>"; };
		7E8B6ACD15D4318B00EE70B5 /* Chapter.m */ = {isa = PBXFileReference; fileEncoding = 4; lastKnownFileType = sourcecode.c.objc; path = Chapter.m; sourceTree = "<group>"; };
		7E8B6AD015D4346500EE70B5 /* IEPubDelegate.h */ = {isa = PBXFileReference; lastKnownFileType = sourcecode.c.h; path = IEPubDelegate.h; sourceTree = "<group>"; };
		7E8B6AD115D436C100EE70B5 /* vhugo.epub */ = {isa = PBXFileReference; lastKnownFileType = file; path = vhugo.epub; sourceTree = "<group>"; };
		7E8B6AD415D43D0E00EE70B5 /* libz.1.2.5.dylib */ = {isa = PBXFileReference; lastKnownFileType = "compiled.mach-o.dylib"; name = libz.1.2.5.dylib; path = usr/lib/libz.1.2.5.dylib; sourceTree = SDKROOT; };
		7E8B6AD615D43D5600EE70B5 /* libxml2.2.7.3.dylib */ = {isa = PBXFileReference; lastKnownFileType = "compiled.mach-o.dylib"; name = libxml2.2.7.3.dylib; path = usr/lib/libxml2.2.7.3.dylib; sourceTree = SDKROOT; };
		7E8B6B9615D4416D00EE70B5 /* AppDelegate.h */ = {isa = PBXFileReference; fileEncoding = 4; lastKnownFileType = sourcecode.c.h; path = AppDelegate.h; sourceTree = "<group>"; };
		7E8B6BCF15D442E700EE70B5 /* IEPubService.h */ = {isa = PBXFileReference; lastKnownFileType = sourcecode.c.h; path = IEPubService.h; sourceTree = "<group>"; };
		7E8B6BD015D442F300EE70B5 /* EPubService.h */ = {isa = PBXFileReference; fileEncoding = 4; lastKnownFileType = sourcecode.c.h; path = EPubService.h; sourceTree = "<group>"; };
		7E8B6BD115D442F300EE70B5 /* EPubService.m */ = {isa = PBXFileReference; fileEncoding = 4; lastKnownFileType = sourcecode.c.objc; path = EPubService.m; sourceTree = "<group>"; };
		7E8B6BDA15D4464700EE70B5 /* crypt.h */ = {isa = PBXFileReference; fileEncoding = 4; lastKnownFileType = sourcecode.c.h; path = crypt.h; sourceTree = "<group>"; };
		7E8B6BDB15D4464700EE70B5 /* ioapi.c */ = {isa = PBXFileReference; fileEncoding = 4; lastKnownFileType = sourcecode.c.c; path = ioapi.c; sourceTree = "<group>"; };
		7E8B6BDC15D4464700EE70B5 /* ioapi.h */ = {isa = PBXFileReference; fileEncoding = 4; lastKnownFileType = sourcecode.c.h; path = ioapi.h; sourceTree = "<group>"; };
		7E8B6BDD15D4464700EE70B5 /* mztools.c */ = {isa = PBXFileReference; fileEncoding = 4; lastKnownFileType = sourcecode.c.c; path = mztools.c; sourceTree = "<group>"; };
		7E8B6BDE15D4464700EE70B5 /* mztools.h */ = {isa = PBXFileReference; fileEncoding = 4; lastKnownFileType = sourcecode.c.h; path = mztools.h; sourceTree = "<group>"; };
		7E8B6BDF15D4464700EE70B5 /* unzip.c */ = {isa = PBXFileReference; fileEncoding = 4; lastKnownFileType = sourcecode.c.c; path = unzip.c; sourceTree = "<group>"; };
		7E8B6BE015D4464700EE70B5 /* unzip.h */ = {isa = PBXFileReference; fileEncoding = 4; lastKnownFileType = sourcecode.c.h; path = unzip.h; sourceTree = "<group>"; };
		7E8B6BE115D4464700EE70B5 /* zip.c */ = {isa = PBXFileReference; fileEncoding = 4; lastKnownFileType = sourcecode.c.c; path = zip.c; sourceTree = "<group>"; };
		7E8B6BE215D4464700EE70B5 /* zip.h */ = {isa = PBXFileReference; fileEncoding = 4; lastKnownFileType = sourcecode.c.h; path = zip.h; sourceTree = "<group>"; };
		7E8B6BE315D4464700EE70B5 /* ZipArchive.h */ = {isa = PBXFileReference; fileEncoding = 4; lastKnownFileType = sourcecode.c.h; path = ZipArchive.h; sourceTree = "<group>"; };
		7E8B6BEC15D4465000EE70B5 /* CXMLDocument_CreationExtensions.h */ = {isa = PBXFileReference; fileEncoding = 4; lastKnownFileType = sourcecode.c.h; path = CXMLDocument_CreationExtensions.h; sourceTree = "<group>"; };
		7E8B6BED15D4465000EE70B5 /* CXMLDocument_CreationExtensions.m */ = {isa = PBXFileReference; fileEncoding = 4; lastKnownFileType = sourcecode.c.objc; path = CXMLDocument_CreationExtensions.m; sourceTree = "<group>"; };
		7E8B6BEE15D4465000EE70B5 /* CXMLNode_CreationExtensions.h */ = {isa = PBXFileReference; fileEncoding = 4; lastKnownFileType = sourcecode.c.h; path = CXMLNode_CreationExtensions.h; sourceTree = "<group>"; };
		7E8B6BEF15D4465000EE70B5 /* CXMLNode_CreationExtensions.m */ = {isa = PBXFileReference; fileEncoding = 4; lastKnownFileType = sourcecode.c.objc; path = CXMLNode_CreationExtensions.m; sourceTree = "<group>"; };
		7E8B6BF015D4465000EE70B5 /* CXHTMLDocument.h */ = {isa = PBXFileReference; fileEncoding = 4; lastKnownFileType = sourcecode.c.h; path = CXHTMLDocument.h; sourceTree = "<group>"; };
		7E8B6BF115D4465000EE70B5 /* CXHTMLDocument.m */ = {isa = PBXFileReference; fileEncoding = 4; lastKnownFileType = sourcecode.c.objc; path = CXHTMLDocument.m; sourceTree = "<group>"; };
		7E8B6BF215D4465000EE70B5 /* CXMLDocument.h */ = {isa = PBXFileReference; fileEncoding = 4; lastKnownFileType = sourcecode.c.h; path = CXMLDocument.h; sourceTree = "<group>"; };
		7E8B6BF315D4465000EE70B5 /* CXMLDocument.m */ = {isa = PBXFileReference; fileEncoding = 4; lastKnownFileType = sourcecode.c.objc; path = CXMLDocument.m; sourceTree = "<group>"; };
		7E8B6BF415D4465000EE70B5 /* CXMLDocument_PrivateExtensions.h */ = {isa = PBXFileReference; fileEncoding = 4; lastKnownFileType = sourcecode.c.h; path = CXMLDocument_PrivateExtensions.h; sourceTree = "<group>"; };
		7E8B6BF515D4465000EE70B5 /* CXMLDocument_PrivateExtensions.m */ = {isa = PBXFileReference; fileEncoding = 4; lastKnownFileType = sourcecode.c.objc; path = CXMLDocument_PrivateExtensions.m; sourceTree = "<group>"; };
		7E8B6BF615D4465000EE70B5 /* CXMLElement.h */ = {isa = PBXFileReference; fileEncoding = 4; lastKnownFileType = sourcecode.c.h; path = CXMLElement.h; sourceTree = "<group>"; };
		7E8B6BF715D4465000EE70B5 /* CXMLElement.m */ = {isa = PBXFileReference; fileEncoding = 4; lastKnownFileType = sourcecode.c.objc; path = CXMLElement.m; sourceTree = "<group>"; };
		7E8B6BF815D4465000EE70B5 /* CXMLElement_CreationExtensions.h */ = {isa = PBXFileReference; fileEncoding = 4; lastKnownFileType = sourcecode.c.h; path = CXMLElement_CreationExtensions.h; sourceTree = "<group>"; };
		7E8B6BF915D4465000EE70B5 /* CXMLElement_CreationExtensions.m */ = {isa = PBXFileReference; fileEncoding = 4; lastKnownFileType = sourcecode.c.objc; path = CXMLElement_CreationExtensions.m; sourceTree = "<group>"; };
		7E8B6BFA15D4465000EE70B5 /* CXMLElement_ElementTreeExtensions.h */ = {isa = PBXFileReference; fileEncoding = 4; lastKnownFileType = sourcecode.c.h; path = CXMLElement_ElementTreeExtensions.h; sourceTree = "<group>"; };
		7E8B6BFB15D4465000EE70B5 /* CXMLElement_ElementTreeExtensions.m */ = {isa = PBXFileReference; fileEncoding = 4; lastKnownFileType = sourcecode.c.objc; path = CXMLElement_ElementTreeExtensions.m; sourceTree = "<group>"; };
		7E8B6BFC15D4465000EE70B5 /* CXMLNamespaceNode.h */ = {isa = PBXFileReference; fileEncoding = 4; lastKnownFileType = sourcecode.c.h; path = CXMLNamespaceNode.h; sourceTree = "<group>"; };
		7E8B6BFD15D4465000EE70B5 /* CXMLNamespaceNode.m */ = {isa = PBXFileReference; fileEncoding = 4; lastKnownFileType = sourcecode.c.objc; path = CXMLNamespaceNode.m; sourceTree = "<group>"; };
		7E8B6BFE15D4465000EE70B5 /* CXMLNode.h */ = {isa = PBXFileReference; fileEncoding = 4; lastKnownFileType = sourcecode.c.h; path = CXMLNode.h; sourceTree = "<group>"; };
		7E8B6BFF15D4465000EE70B5 /* CXMLNode.m */ = {isa = PBXFileReference; fileEncoding = 4; lastKnownFileType = sourcecode.c.objc; path = CXMLNode.m; sourceTree = "<group>"; };
		7E8B6C0015D4465000EE70B5 /* CXMLNode_PrivateExtensions.h */ = {isa = PBXFileReference; fileEncoding = 4; lastKnownFileType = sourcecode.c.h; path = CXMLNode_PrivateExtensions.h; sourceTree = "<group>"; };
		7E8B6C0115D4465000EE70B5 /* CXMLNode_PrivateExtensions.m */ = {isa = PBXFileReference; fileEncoding = 4; lastKnownFileType = sourcecode.c.objc; path = CXMLNode_PrivateExtensions.m; sourceTree = "<group>"; };
		7E8B6C0215D4465000EE70B5 /* CXMLNode_XPathExtensions.h */ = {isa = PBXFileReference; fileEncoding = 4; lastKnownFileType = sourcecode.c.h; path = CXMLNode_XPathExtensions.h; sourceTree = "<group>"; };
		7E8B6C0315D4465000EE70B5 /* CXMLNode_XPathExtensions.m */ = {isa = PBXFileReference; fileEncoding = 4; lastKnownFileType = sourcecode.c.objc; path = CXMLNode_XPathExtensions.m; sourceTree = "<group>"; };
		7E8B6C0515D4465000EE70B5 /* CTidy.h */ = {isa = PBXFileReference; fileEncoding = 4; lastKnownFileType = sourcecode.c.h; path = CTidy.h; sourceTree = "<group>"; };
		7E8B6C0615D4465000EE70B5 /* CTidy.m */ = {isa = PBXFileReference; fileEncoding = 4; lastKnownFileType = sourcecode.c.objc; path = CTidy.m; sourceTree = "<group>"; };
		7E8B6C0715D4465000EE70B5 /* TouchXML.h */ = {isa = PBXFileReference; fileEncoding = 4; lastKnownFileType = sourcecode.c.h; path = TouchXML.h; sourceTree = "<group>"; };
		7E8B6C1515D4478600EE70B5 /* ZipArchive.mm */ = {isa = PBXFileReference; fileEncoding = 4; lastKnownFileType = sourcecode.cpp.objcpp; path = ZipArchive.mm; sourceTree = "<group>"; };
		7E90C5BC15D45B1600E99ED8 /* ChapterWebDelegate.h */ = {isa = PBXFileReference; fileEncoding = 4; lastKnownFileType = sourcecode.c.h; path = ChapterWebDelegate.h; sourceTree = "<group>"; };
		7E90C5BD15D45B1600E99ED8 /* ChapterWebDelegate.m */ = {isa = PBXFileReference; fileEncoding = 4; lastKnownFileType = sourcecode.c.objc; path = ChapterWebDelegate.m; sourceTree = "<group>"; };
		7E90C5C815D461AC00E99ED8 /* IChapterDelegate.h */ = {isa = PBXFileReference; lastKnownFileType = sourcecode.c.h; path = IChapterDelegate.h; sourceTree = "<group>"; };
		7E90C5C915D4640B00E99ED8 /* GTMDefines.h */ = {isa = PBXFileReference; fileEncoding = 4; lastKnownFileType = sourcecode.c.h; path = GTMDefines.h; sourceTree = "<group>"; };
		7E90C5CA15D4640B00E99ED8 /* GTMNSString+HTML.h */ = {isa = PBXFileReference; fileEncoding = 4; lastKnownFileType = sourcecode.c.h; path = "GTMNSString+HTML.h"; sourceTree = "<group>"; };
		7E90C5CB15D4640B00E99ED8 /* GTMNSString+HTML.m */ = {isa = PBXFileReference; fileEncoding = 4; lastKnownFileType = sourcecode.c.objc; path = "GTMNSString+HTML.m"; sourceTree = "<group>"; };
		7E90C5CC15D4640B00E99ED8 /* NSString+HTML.h */ = {isa = PBXFileReference; fileEncoding = 4; lastKnownFileType = sourcecode.c.h; path = "NSString+HTML.h"; sourceTree = "<group>"; };
		7E90C5CD15D4640B00E99ED8 /* NSString+HTML.m */ = {isa = PBXFileReference; fileEncoding = 4; lastKnownFileType = sourcecode.c.objc; path = "NSString+HTML.m"; sourceTree = "<group>"; };
		7E90C5D015D4640B00E99ED8 /* UIWebView+SearchWebView.h */ = {isa = PBXFileReference; fileEncoding = 4; lastKnownFileType = sourcecode.c.h; path = "UIWebView+SearchWebView.h"; sourceTree = "<group>"; };
		7E90C5D115D4640B00E99ED8 /* UIWebView+SearchWebView.m */ = {isa = PBXFileReference; fileEncoding = 4; lastKnownFileType = sourcecode.c.objc; path = "UIWebView+SearchWebView.m"; sourceTree = "<group>"; };
		7E90C5DE15D4773400E99ED8 /* SearchResult.h */ = {isa = PBXFileReference; lastKnownFileType = sourcecode.c.h; path = SearchResult.h; sourceTree = "<group>"; };
		7EEE601315D317B700039462 /* EPubReader.app */ = {isa = PBXFileReference; explicitFileType = wrapper.application; includeInIndex = 0; path = EPubReader.app; sourceTree = BUILT_PRODUCTS_DIR; };
		7EEE601715D317B700039462 /* UIKit.framework */ = {isa = PBXFileReference; lastKnownFileType = wrapper.framework; name = UIKit.framework; path = System/Library/Frameworks/UIKit.framework; sourceTree = SDKROOT; };
		7EEE601915D317B700039462 /* Foundation.framework */ = {isa = PBXFileReference; lastKnownFileType = wrapper.framework; name = Foundation.framework; path = System/Library/Frameworks/Foundation.framework; sourceTree = SDKROOT; };
		7EEE601B15D317B700039462 /* CoreGraphics.framework */ = {isa = PBXFileReference; lastKnownFileType = wrapper.framework; name = CoreGraphics.framework; path = System/Library/Frameworks/CoreGraphics.framework; sourceTree = SDKROOT; };
		7EEE601F15D317B700039462 /* EPubReader-Info.plist */ = {isa = PBXFileReference; lastKnownFileType = text.plist.xml; path = "EPubReader-Info.plist"; sourceTree = "<group>"; };
		7EEE602115D317B700039462 /* en */ = {isa = PBXFileReference; lastKnownFileType = text.plist.strings; name = en; path = en.lproj/InfoPlist.strings; sourceTree = "<group>"; };
		7EEE602315D317B700039462 /* main.m */ = {isa = PBXFileReference; lastKnownFileType = sourcecode.c.objc; path = main.m; sourceTree = "<group>"; };
		7EEE602515D317B700039462 /* EPubReader-Prefix.pch */ = {isa = PBXFileReference; lastKnownFileType = sourcecode.c.h; path = "EPubReader-Prefix.pch"; sourceTree = "<group>"; };
		7EEE602715D317B700039462 /* AppDelegate.m */ = {isa = PBXFileReference; lastKnownFileType = sourcecode.c.objc; path = AppDelegate.m; sourceTree = "<group>"; };
		7EEE607715D3191200039462 /* QuartzCore.framework */ = {isa = PBXFileReference; lastKnownFileType = wrapper.framework; name = QuartzCore.framework; path = System/Library/Frameworks/QuartzCore.framework; sourceTree = SDKROOT; };
		7EEE607B15D3196500039462 /* libz.dylib */ = {isa = PBXFileReference; lastKnownFileType = "compiled.mach-o.dylib"; name = libz.dylib; path = usr/lib/libz.dylib; sourceTree = SDKROOT; };
		7EEE609915D31B4500039462 /* IWebViewDelegate.h */ = {isa = PBXFileReference; lastKnownFileType = sourcecode.c.h; path = IWebViewDelegate.h; sourceTree = "<group>"; };
		7EEE609E15D31D0800039462 /* MasterController.h */ = {isa = PBXFileReference; fileEncoding = 4; lastKnownFileType = sourcecode.c.h; path = MasterController.h; sourceTree = "<group>"; };
		7EEE609F15D31D0800039462 /* MasterController.m */ = {isa = PBXFileReference; fileEncoding = 4; lastKnownFileType = sourcecode.c.objc; path = MasterController.m; sourceTree = "<group>"; };
		7EEE60A215D31DAC00039462 /* EPubViewController.h */ = {isa = PBXFileReference; fileEncoding = 4; lastKnownFileType = sourcecode.c.h; path = EPubViewController.h; sourceTree = "<group>"; };
		7EEE60A315D31DAC00039462 /* EPubViewController.m */ = {isa = PBXFileReference; fileEncoding = 4; lastKnownFileType = sourcecode.c.objc; path = EPubViewController.m; sourceTree = "<group>"; };
		7EEE60A415D31DAC00039462 /* EPubViewController.xib */ = {isa = PBXFileReference; fileEncoding = 4; lastKnownFileType = file.xib; path = EPubViewController.xib; sourceTree = "<group>"; };
		CC00188D15EEBCAA00B81F5C /* MainViewController.h */ = {isa = PBXFileReference; fileEncoding = 4; lastKnownFileType = sourcecode.c.h; path = MainViewController.h; sourceTree = "<group>"; };
		CC00188E15EEBCAA00B81F5C /* MainViewController.m */ = {isa = PBXFileReference; fileEncoding = 4; lastKnownFileType = sourcecode.c.objc; path = MainViewController.m; sourceTree = "<group>"; };
		CC7DE90315F194F900220134 /* MFSideMenu.h */ = {isa = PBXFileReference; fileEncoding = 4; lastKnownFileType = sourcecode.c.h; path = MFSideMenu.h; sourceTree = "<group>"; };
		CC7DE90415F194F900220134 /* MFSideMenuManager.h */ = {isa = PBXFileReference; fileEncoding = 4; lastKnownFileType = sourcecode.c.h; path = MFSideMenuManager.h; sourceTree = "<group>"; };
		CC7DE90515F194F900220134 /* MFSideMenuManager.m */ = {isa = PBXFileReference; fileEncoding = 4; lastKnownFileType = sourcecode.c.objc; path = MFSideMenuManager.m; sourceTree = "<group>"; };
		CC7DE90615F194F900220134 /* UIViewController+MFSideMenu.h */ = {isa = PBXFileReference; fileEncoding = 4; lastKnownFileType = sourcecode.c.h; path = "UIViewController+MFSideMenu.h"; sourceTree = "<group>"; };
		CC7DE90715F194F900220134 /* UIViewController+MFSideMenu.m */ = {isa = PBXFileReference; fileEncoding = 4; lastKnownFileType = sourcecode.c.objc; path = "UIViewController+MFSideMenu.m"; sourceTree = "<group>"; };
		CC83DE5A15DC84DD00509A29 /* Icon.png */ = {isa = PBXFileReference; lastKnownFileType = image.png; name = Icon.png; path = ../Icon.png; sourceTree = "<group>"; };
		CC83DE5C15DC84E000509A29 /* Icon@2x.png */ = {isa = PBXFileReference; lastKnownFileType = image.png; name = "Icon@2x.png"; path = "../Icon@2x.png"; sourceTree = "<group>"; };
		CC84EC6C15DDAADF00EED8F1 /* FontView.xib */ = {isa = PBXFileReference; fileEncoding = 4; lastKnownFileType = file.xib; path = FontView.xib; sourceTree = "<group>"; };
		CC84EC7115DDAD0B00EED8F1 /* FontView.h */ = {isa = PBXFileReference; fileEncoding = 4; lastKnownFileType = sourcecode.c.h; path = FontView.h; sourceTree = "<group>"; };
		CC84EC7215DDAD0B00EED8F1 /* FontView.m */ = {isa = PBXFileReference; fileEncoding = 4; lastKnownFileType = sourcecode.c.objc; path = FontView.m; sourceTree = "<group>"; };
		CC8819D015E706310025D3C9 /* SliderViewController.h */ = {isa = PBXFileReference; fileEncoding = 4; lastKnownFileType = sourcecode.c.h; path = SliderViewController.h; sourceTree = "<group>"; };
		CC8819D115E706310025D3C9 /* SliderViewController.m */ = {isa = PBXFileReference; fileEncoding = 4; lastKnownFileType = sourcecode.c.objc; path = SliderViewController.m; sourceTree = "<group>"; };
		CC8819D415E707AD0025D3C9 /* SliderViewController.xib */ = {isa = PBXFileReference; fileEncoding = 4; lastKnownFileType = file.xib; path = SliderViewController.xib; sourceTree = "<group>"; };
		CC8819D615E708C60025D3C9 /* ISliderViewController.h */ = {isa = PBXFileReference; lastKnownFileType = sourcecode.c.h; path = ISliderViewController.h; sourceTree = "<group>"; };
		CC8BC05415D9BE2C000A330D /* ISpineArrayManagerDelegate.h */ = {isa = PBXFileReference; lastKnownFileType = sourcecode.c.h; path = ISpineArrayManagerDelegate.h; sourceTree = "<group>"; };
		CC8C981615DC513800E283A1 /* SearchResultsViewController.h */ = {isa = PBXFileReference; fileEncoding = 4; lastKnownFileType = sourcecode.c.h; path = SearchResultsViewController.h; sourceTree = "<group>"; };
		CC8C981715DC513800E283A1 /* SearchResultsViewController.m */ = {isa = PBXFileReference; fileEncoding = 4; lastKnownFileType = sourcecode.c.objc; path = SearchResultsViewController.m; sourceTree = "<group>"; };
		CC8C981A15DC602F00E283A1 /* SearchResult.m */ = {isa = PBXFileReference; fileEncoding = 4; lastKnownFileType = sourcecode.c.objc; path = SearchResult.m; sourceTree = "<group>"; };
		CC8D564415F6BE88000A4B40 /* IMainViewDelegate.h */ = {isa = PBXFileReference; lastKnownFileType = sourcecode.c.h; path = IMainViewDelegate.h; sourceTree = "<group>"; };
		CC8F712215DB114C0099FD55 /* back-arrow.png */ = {isa = PBXFileReference; lastKnownFileType = image.png; path = "back-arrow.png"; sourceTree = "<group>"; };
		CC8F712315DB114C0099FD55 /* back-arrow@2x.png */ = {isa = PBXFileReference; lastKnownFileType = image.png; path = "back-arrow@2x.png"; sourceTree = "<group>"; };
		CC8F712415DB114C0099FD55 /* menu-icon.png */ = {isa = PBXFileReference; lastKnownFileType = image.png; path = "menu-icon.png"; sourceTree = "<group>"; };
		CC8F712515DB114C0099FD55 /* menu-icon@2x.png */ = {isa = PBXFileReference; lastKnownFileType = image.png; path = "menu-icon@2x.png"; sourceTree = "<group>"; };
		CC8F713915DB18330099FD55 /* SideMenuViewController.h */ = {isa = PBXFileReference; fileEncoding = 4; lastKnownFileType = sourcecode.c.h; path = SideMenuViewController.h; sourceTree = "<group>"; };
		CC8F713A15DB18330099FD55 /* SideMenuViewController.m */ = {isa = PBXFileReference; fileEncoding = 4; lastKnownFileType = sourcecode.c.objc; path = SideMenuViewController.m; sourceTree = "<group>"; };
		CC8F716415DB2F8A0099FD55 /* SearchWebView.js */ = {isa = PBXFileReference; fileEncoding = 4; lastKnownFileType = sourcecode.javascript; path = SearchWebView.js; sourceTree = "<group>"; };
		CC8F716715DB30110099FD55 /* SearchResultsViewController.xib */ = {isa = PBXFileReference; fileEncoding = 4; lastKnownFileType = file.xib; path = SearchResultsViewController.xib; sourceTree = "<group>"; };
		CC91A27415D5CBDC00AB269F /* hungerGames.epub */ = {isa = PBXFileReference; lastKnownFileType = file; name = hungerGames.epub; path = ../hungerGames.epub; sourceTree = "<group>"; };
		CC96830915D5D93400280420 /* ChapterListViewController.xib */ = {isa = PBXFileReference; fileEncoding = 4; lastKnownFileType = file.xib; path = ChapterListViewController.xib; sourceTree = "<group>"; };
		CC9712FC15D5C9C8006DAF84 /* Justine.epub */ = {isa = PBXFileReference; lastKnownFileType = file; path = Justine.epub; sourceTree = "<group>"; };
		CC9712FE15D5CA2E006DAF84 /* justino.epub */ = {isa = PBXFileReference; lastKnownFileType = file; path = justino.epub; sourceTree = "<group>"; };
		CC9712FF15D5CA61006DAF84 /* justina.epub */ = {isa = PBXFileReference; lastKnownFileType = file; path = justina.epub; sourceTree = "<group>"; };
		CCFE272015F5571C00A417BA /* font_image.jpeg */ = {isa = PBXFileReference; lastKnownFileType = image.jpeg; path = font_image.jpeg; sourceTree = "<group>"; };
		CCFE273015F55F4500A417BA /* KSCGUtils.h */ = {isa = PBXFileReference; fileEncoding = 4; lastKnownFileType = sourcecode.c.h; path = KSCGUtils.h; sourceTree = "<group>"; };
		CCFE273115F55F4500A417BA /* KSCGUtils.m */ = {isa = PBXFileReference; fileEncoding = 4; lastKnownFileType = sourcecode.c.objc; path = KSCGUtils.m; sourceTree = "<group>"; };
		CCFE273215F55F4500A417BA /* KSPopoverView.h */ = {isa = PBXFileReference; fileEncoding = 4; lastKnownFileType = sourcecode.c.h; path = KSPopoverView.h; sourceTree = "<group>"; };
		CCFE273315F55F4500A417BA /* KSPopoverView.m */ = {isa = PBXFileReference; fileEncoding = 4; lastKnownFileType = sourcecode.c.objc; path = KSPopoverView.m; sourceTree = "<group>"; };
		CCFE273415F55F4500A417BA /* KSPopoverViewButtonBase.h */ = {isa = PBXFileReference; fileEncoding = 4; lastKnownFileType = sourcecode.c.h; path = KSPopoverViewButtonBase.h; sourceTree = "<group>"; };
		CCFE273515F55F4500A417BA /* KSPopoverViewButtonBase.m */ = {isa = PBXFileReference; fileEncoding = 4; lastKnownFileType = sourcecode.c.objc; path = KSPopoverViewButtonBase.m; sourceTree = "<group>"; };
		CCFE273615F55F4500A417BA /* KSPopoverViewButtonLabel.h */ = {isa = PBXFileReference; fileEncoding = 4; lastKnownFileType = sourcecode.c.h; path = KSPopoverViewButtonLabel.h; sourceTree = "<group>"; };
		CCFE273715F55F4500A417BA /* KSPopoverViewButtonLabel.m */ = {isa = PBXFileReference; fileEncoding = 4; lastKnownFileType = sourcecode.c.objc; path = KSPopoverViewButtonLabel.m; sourceTree = "<group>"; };
		CCFE273815F55F4500A417BA /* KSPopoverViewButtonOnOff.h */ = {isa = PBXFileReference; fileEncoding = 4; lastKnownFileType = sourcecode.c.h; path = KSPopoverViewButtonOnOff.h; sourceTree = "<group>"; };
		CCFE273915F55F4500A417BA /* KSPopoverViewButtonOnOff.m */ = {isa = PBXFileReference; fileEncoding = 4; lastKnownFileType = sourcecode.c.objc; path = KSPopoverViewButtonOnOff.m; sourceTree = "<group>"; };
		CCFE273A15F55F4500A417BA /* KSPopoverViewParentButton.h */ = {isa = PBXFileReference; fileEncoding = 4; lastKnownFileType = sourcecode.c.h; path = KSPopoverViewParentButton.h; sourceTree = "<group>"; };
		CCFE273B15F55F4500A417BA /* KSPopoverViewParentButton.m */ = {isa = PBXFileReference; fileEncoding = 4; lastKnownFileType = sourcecode.c.objc; path = KSPopoverViewParentButton.m; sourceTree = "<group>"; };
		CCFE273C15F55F4500A417BA /* UIColor-Expanded.h */ = {isa = PBXFileReference; fileEncoding = 4; lastKnownFileType = sourcecode.c.h; path = "UIColor-Expanded.h"; sourceTree = "<group>"; };
		CCFE273D15F55F4500A417BA /* UIColor-Expanded.m */ = {isa = PBXFileReference; fileEncoding = 4; lastKnownFileType = sourcecode.c.objc; path = "UIColor-Expanded.m"; sourceTree = "<group>"; };
		CCFECDC215ED9233006C3411 /* MainView.xib */ = {isa = PBXFileReference; fileEncoding = 4; lastKnownFileType = file.xib; path = MainView.xib; sourceTree = "<group>"; };
		CCFF504615FEA3B70034B011 /* icono_fuente_m.gif */ = {isa = PBXFileReference; lastKnownFileType = image.gif; path = icono_fuente_m.gif; sourceTree = "<group>"; };
		CCFF504915FEA7A40034B011 /* HomeViewController.h */ = {isa = PBXFileReference; fileEncoding = 4; lastKnownFileType = sourcecode.c.h; path = HomeViewController.h; sourceTree = "<group>"; };
		CCFF504A15FEA7A50034B011 /* HomeViewController.m */ = {isa = PBXFileReference; fileEncoding = 4; lastKnownFileType = sourcecode.c.objc; path = HomeViewController.m; sourceTree = "<group>"; };
		CCFF504B15FEA7A50034B011 /* HomeViewController.xib */ = {isa = PBXFileReference; fileEncoding = 4; lastKnownFileType = file.xib; path = HomeViewController.xib; sourceTree = "<group>"; };
		CCFF504E15FEA8550034B011 /* dracula.epub */ = {isa = PBXFileReference; lastKnownFileType = file; path = dracula.epub; sourceTree = "<group>"; };
		F1E72ADE16010CE500D3EC4F /* Default-Portrait~ipad.png */ = {isa = PBXFileReference; lastKnownFileType = image.png; name = "Default-Portrait~ipad.png"; path = "../Default-Portrait~ipad.png"; sourceTree = "<group>"; };
		F1E72AE016010CE700D3EC4F /* Default-Portrait@2x~ipad.png */ = {isa = PBXFileReference; lastKnownFileType = image.png; name = "Default-Portrait@2x~ipad.png"; path = "../Default-Portrait@2x~ipad.png"; sourceTree = "<group>"; };
		F1E72AE216010CEB00D3EC4F /* Default-Landscape~ipad.png */ = {isa = PBXFileReference; lastKnownFileType = image.png; name = "Default-Landscape~ipad.png"; path = "../Default-Landscape~ipad.png"; sourceTree = "<group>"; };
		F1E72AE416010CED00D3EC4F /* Default-Landscape@2x~ipad.png */ = {isa = PBXFileReference; lastKnownFileType = image.png; name = "Default-Landscape@2x~ipad.png"; path = "../Default-Landscape@2x~ipad.png"; sourceTree = "<group>"; };
/* End PBXFileReference section */

/* Begin PBXFrameworksBuildPhase section */
		7EEE601015D317B700039462 /* Frameworks */ = {
			isa = PBXFrameworksBuildPhase;
			buildActionMask = 2147483647;
			files = (
				7E8B6B9F15D441D100EE70B5 /* libxml2.2.7.3.dylib in Frameworks */,
				7E8B6B9E15D441CA00EE70B5 /* libz.1.2.5.dylib in Frameworks */,
				7EEE607815D3191200039462 /* QuartzCore.framework in Frameworks */,
				7EEE601815D317B700039462 /* UIKit.framework in Frameworks */,
				7EEE601A15D317B700039462 /* Foundation.framework in Frameworks */,
				7EEE601C15D317B700039462 /* CoreGraphics.framework in Frameworks */,
			);
			runOnlyForDeploymentPostprocessing = 0;
		};
/* End PBXFrameworksBuildPhase section */

/* Begin PBXGroup section */
		7E8B6ACF15D4343300EE70B5 /* Protocols */ = {
			isa = PBXGroup;
			children = (
				7E8B6AD015D4346500EE70B5 /* IEPubDelegate.h */,
			);
			name = Protocols;
			sourceTree = "<group>";
		};
		7E8B6AD315D436C700EE70B5 /* Resources */ = {
			isa = PBXGroup;
			children = (
				CC91A27415D5CBDC00AB269F /* hungerGames.epub */,
				CC9712FF15D5CA61006DAF84 /* justina.epub */,
				CCFF504E15FEA8550034B011 /* dracula.epub */,
				CC9712FE15D5CA2E006DAF84 /* justino.epub */,
				CC9712FC15D5C9C8006DAF84 /* Justine.epub */,
				7E8B6AD115D436C100EE70B5 /* vhugo.epub */,
			);
			name = Resources;
			sourceTree = "<group>";
		};
		7E8B6BD715D445F700EE70B5 /* TouchXML */ = {
			isa = PBXGroup;
			children = (
				7E90C5C915D4640B00E99ED8 /* GTMDefines.h */,
				7E90C5CA15D4640B00E99ED8 /* GTMNSString+HTML.h */,
				7E90C5CB15D4640B00E99ED8 /* GTMNSString+HTML.m */,
				7E90C5CC15D4640B00E99ED8 /* NSString+HTML.h */,
				7E90C5CD15D4640B00E99ED8 /* NSString+HTML.m */,
				7E90C5D015D4640B00E99ED8 /* UIWebView+SearchWebView.h */,
				7E90C5D115D4640B00E99ED8 /* UIWebView+SearchWebView.m */,
				7E8B6BEA15D4465000EE70B5 /* Source */,
			);
			name = TouchXML;
			sourceTree = "<group>";
		};
		7E8B6BD815D4460600EE70B5 /* ZipArchive */ = {
			isa = PBXGroup;
			children = (
				7E8B6BD915D4464700EE70B5 /* minizip */,
				7E8B6BE315D4464700EE70B5 /* ZipArchive.h */,
				7E8B6C1515D4478600EE70B5 /* ZipArchive.mm */,
			);
			name = ZipArchive;
			sourceTree = "<group>";
		};
		7E8B6BD915D4464700EE70B5 /* minizip */ = {
			isa = PBXGroup;
			children = (
				7E8B6BDA15D4464700EE70B5 /* crypt.h */,
				7E8B6BDB15D4464700EE70B5 /* ioapi.c */,
				7E8B6BDC15D4464700EE70B5 /* ioapi.h */,
				7E8B6BDD15D4464700EE70B5 /* mztools.c */,
				7E8B6BDE15D4464700EE70B5 /* mztools.h */,
				7E8B6BDF15D4464700EE70B5 /* unzip.c */,
				7E8B6BE015D4464700EE70B5 /* unzip.h */,
				7E8B6BE115D4464700EE70B5 /* zip.c */,
				7E8B6BE215D4464700EE70B5 /* zip.h */,
			);
			path = minizip;
			sourceTree = "<group>";
		};
		7E8B6BEA15D4465000EE70B5 /* Source */ = {
			isa = PBXGroup;
			children = (
				7E8B6BEB15D4465000EE70B5 /* Creation */,
				7E8B6BF015D4465000EE70B5 /* CXHTMLDocument.h */,
				7E8B6BF115D4465000EE70B5 /* CXHTMLDocument.m */,
				7E8B6BF215D4465000EE70B5 /* CXMLDocument.h */,
				7E8B6BF315D4465000EE70B5 /* CXMLDocument.m */,
				7E8B6BF415D4465000EE70B5 /* CXMLDocument_PrivateExtensions.h */,
				7E8B6BF515D4465000EE70B5 /* CXMLDocument_PrivateExtensions.m */,
				7E8B6BF615D4465000EE70B5 /* CXMLElement.h */,
				7E8B6BF715D4465000EE70B5 /* CXMLElement.m */,
				7E8B6BF815D4465000EE70B5 /* CXMLElement_CreationExtensions.h */,
				7E8B6BF915D4465000EE70B5 /* CXMLElement_CreationExtensions.m */,
				7E8B6BFA15D4465000EE70B5 /* CXMLElement_ElementTreeExtensions.h */,
				7E8B6BFB15D4465000EE70B5 /* CXMLElement_ElementTreeExtensions.m */,
				7E8B6BFC15D4465000EE70B5 /* CXMLNamespaceNode.h */,
				7E8B6BFD15D4465000EE70B5 /* CXMLNamespaceNode.m */,
				7E8B6BFE15D4465000EE70B5 /* CXMLNode.h */,
				7E8B6BFF15D4465000EE70B5 /* CXMLNode.m */,
				7E8B6C0015D4465000EE70B5 /* CXMLNode_PrivateExtensions.h */,
				7E8B6C0115D4465000EE70B5 /* CXMLNode_PrivateExtensions.m */,
				7E8B6C0215D4465000EE70B5 /* CXMLNode_XPathExtensions.h */,
				7E8B6C0315D4465000EE70B5 /* CXMLNode_XPathExtensions.m */,
				7E8B6C0415D4465000EE70B5 /* Tidy */,
				7E8B6C0715D4465000EE70B5 /* TouchXML.h */,
			);
			path = Source;
			sourceTree = "<group>";
		};
		7E8B6BEB15D4465000EE70B5 /* Creation */ = {
			isa = PBXGroup;
			children = (
				7E8B6BEC15D4465000EE70B5 /* CXMLDocument_CreationExtensions.h */,
				7E8B6BED15D4465000EE70B5 /* CXMLDocument_CreationExtensions.m */,
				7E8B6BEE15D4465000EE70B5 /* CXMLNode_CreationExtensions.h */,
				7E8B6BEF15D4465000EE70B5 /* CXMLNode_CreationExtensions.m */,
			);
			path = Creation;
			sourceTree = "<group>";
		};
		7E8B6C0415D4465000EE70B5 /* Tidy */ = {
			isa = PBXGroup;
			children = (
				7E8B6C0515D4465000EE70B5 /* CTidy.h */,
				7E8B6C0615D4465000EE70B5 /* CTidy.m */,
			);
			path = Tidy;
			sourceTree = "<group>";
		};
		7EEE600815D317B700039462 = {
			isa = PBXGroup;
			children = (
				7EEE601D15D317B700039462 /* EPubReader */,
				7EEE601615D317B700039462 /* Frameworks */,
				7EEE601415D317B700039462 /* Products */,
			);
			sourceTree = "<group>";
		};
		7EEE601415D317B700039462 /* Products */ = {
			isa = PBXGroup;
			children = (
				7EEE601315D317B700039462 /* EPubReader.app */,
			);
			name = Products;
			sourceTree = "<group>";
		};
		7EEE601615D317B700039462 /* Frameworks */ = {
			isa = PBXGroup;
			children = (
				7EEE607B15D3196500039462 /* libz.dylib */,
				7E8B6AD415D43D0E00EE70B5 /* libz.1.2.5.dylib */,
				7E8B6AD615D43D5600EE70B5 /* libxml2.2.7.3.dylib */,
				7EEE607715D3191200039462 /* QuartzCore.framework */,
				7EEE601715D317B700039462 /* UIKit.framework */,
				7EEE601915D317B700039462 /* Foundation.framework */,
				7EEE601B15D317B700039462 /* CoreGraphics.framework */,
			);
			name = Frameworks;
			sourceTree = "<group>";
		};
		7EEE601D15D317B700039462 /* EPubReader */ = {
			isa = PBXGroup;
			children = (
				7E8B6AD315D436C700EE70B5 /* Resources */,
				7EEE608715D31A9200039462 /* Classes */,
				7EEE604B15D318B700039462 /* Libs */,
				7E8B6B9615D4416D00EE70B5 /* AppDelegate.h */,
				7EEE602715D317B700039462 /* AppDelegate.m */,
				7EEE601E15D317B700039462 /* Supporting Files */,
			);
			path = EPubReader;
			sourceTree = "<group>";
		};
		7EEE601E15D317B700039462 /* Supporting Files */ = {
			isa = PBXGroup;
			children = (
				CCFF504615FEA3B70034B011 /* icono_fuente_m.gif */,
				CCFE272015F5571C00A417BA /* font_image.jpeg */,
				F1E72AE416010CED00D3EC4F /* Default-Landscape@2x~ipad.png */,
				F1E72AE216010CEB00D3EC4F /* Default-Landscape~ipad.png */,
				F1E72AE016010CE700D3EC4F /* Default-Portrait@2x~ipad.png */,
				F1E72ADE16010CE500D3EC4F /* Default-Portrait~ipad.png */,
				CC83DE5C15DC84E000509A29 /* Icon@2x.png */,
				CC83DE5A15DC84DD00509A29 /* Icon.png */,
				7EEE601F15D317B700039462 /* EPubReader-Info.plist */,
				7EEE602015D317B700039462 /* InfoPlist.strings */,
				7EEE602315D317B700039462 /* main.m */,
				7EEE602515D317B700039462 /* EPubReader-Prefix.pch */,
			);
			name = "Supporting Files";
			sourceTree = "<group>";
		};
		7EEE604B15D318B700039462 /* Libs */ = {
			isa = PBXGroup;
			children = (
				CC8F716415DB2F8A0099FD55 /* SearchWebView.js */,
				CCFE272F15F55F4500A417BA /* KSPopoverView */,
				CC8F712015DB112E0099FD55 /* MFSideMenu */,
				7E8B6BD815D4460600EE70B5 /* ZipArchive */,
				7E8B6BD715D445F700EE70B5 /* TouchXML */,
			);
			name = Libs;
			sourceTree = "<group>";
		};
		7EEE608715D31A9200039462 /* Classes */ = {
			isa = PBXGroup;
			children = (
				7EEE608815D31A9900039462 /* Model */,
				7EEE608915D31AA200039462 /* Services */,
				7EEE608A15D31AA800039462 /* Controllers */,
				7EEE608B15D31AAD00039462 /* Views */,
			);
			name = Classes;
			sourceTree = "<group>";
		};
		7EEE608815D31A9900039462 /* Model */ = {
			isa = PBXGroup;
			children = (
				7E90C5DE15D4773400E99ED8 /* SearchResult.h */,
				CC8C981A15DC602F00E283A1 /* SearchResult.m */,
				7E8B6ACC15D4318B00EE70B5 /* Chapter.h */,
				7E8B6ACD15D4318B00EE70B5 /* Chapter.m */,
			);
			name = Model;
			sourceTree = "<group>";
		};
		7EEE608915D31AA200039462 /* Services */ = {
			isa = PBXGroup;
			children = (
				7EEE609015D31B0400039462 /* Protocols */,
				7E8B6BD015D442F300EE70B5 /* EPubService.h */,
				7E8B6BD115D442F300EE70B5 /* EPubService.m */,
			);
			name = Services;
			sourceTree = "<group>";
		};
		7EEE608A15D31AA800039462 /* Controllers */ = {
			isa = PBXGroup;
			children = (
				7EEE608C15D31AB200039462 /* Business */,
				7EEE608D15D31AC600039462 /* View */,
			);
			name = Controllers;
			sourceTree = "<group>";
		};
		7EEE608B15D31AAD00039462 /* Views */ = {
			isa = PBXGroup;
			children = (
				CCFF504B15FEA7A50034B011 /* HomeViewController.xib */,
				7EEE60A415D31DAC00039462 /* EPubViewController.xib */,
				CC96830915D5D93400280420 /* ChapterListViewController.xib */,
				CC8F716715DB30110099FD55 /* SearchResultsViewController.xib */,
				CC84EC6C15DDAADF00EED8F1 /* FontView.xib */,
				CC8819D415E707AD0025D3C9 /* SliderViewController.xib */,
				CCFECDC215ED9233006C3411 /* MainView.xib */,
			);
			name = Views;
			sourceTree = "<group>";
		};
		7EEE608C15D31AB200039462 /* Business */ = {
			isa = PBXGroup;
			children = (
				7E8B6ACF15D4343300EE70B5 /* Protocols */,
				7EEE609E15D31D0800039462 /* MasterController.h */,
				7EEE609F15D31D0800039462 /* MasterController.m */,
			);
			name = Business;
			sourceTree = "<group>";
		};
		7EEE608D15D31AC600039462 /* View */ = {
			isa = PBXGroup;
			children = (
				CC84EC7115DDAD0B00EED8F1 /* FontView.h */,
				CC84EC7215DDAD0B00EED8F1 /* FontView.m */,
				7EEE609815D31B3100039462 /* Protocols */,
				CC8C981615DC513800E283A1 /* SearchResultsViewController.h */,
				CC8C981715DC513800E283A1 /* SearchResultsViewController.m */,
				7EEE60A215D31DAC00039462 /* EPubViewController.h */,
				7EEE60A315D31DAC00039462 /* EPubViewController.m */,
				7E90C5BC15D45B1600E99ED8 /* ChapterWebDelegate.h */,
				7E90C5BD15D45B1600E99ED8 /* ChapterWebDelegate.m */,
				CC8F713915DB18330099FD55 /* SideMenuViewController.h */,
				CC8F713A15DB18330099FD55 /* SideMenuViewController.m */,
				CC8819D015E706310025D3C9 /* SliderViewController.h */,
				CC8819D115E706310025D3C9 /* SliderViewController.m */,
				CC00188D15EEBCAA00B81F5C /* MainViewController.h */,
				CC00188E15EEBCAA00B81F5C /* MainViewController.m */,
				CCFF504915FEA7A40034B011 /* HomeViewController.h */,
				CCFF504A15FEA7A50034B011 /* HomeViewController.m */,
			);
			name = View;
			sourceTree = "<group>";
		};
		7EEE609015D31B0400039462 /* Protocols */ = {
			isa = PBXGroup;
			children = (
				7E8B6BCF15D442E700EE70B5 /* IEPubService.h */,
			);
			name = Protocols;
			sourceTree = "<group>";
		};
		7EEE609815D31B3100039462 /* Protocols */ = {
			isa = PBXGroup;
			children = (
				7EEE609915D31B4500039462 /* IWebViewDelegate.h */,
				7E90C5C815D461AC00E99ED8 /* IChapterDelegate.h */,
				CC8BC05415D9BE2C000A330D /* ISpineArrayManagerDelegate.h */,
				CC8819D615E708C60025D3C9 /* ISliderViewController.h */,
				CC8D564415F6BE88000A4B40 /* IMainViewDelegate.h */,
			);
			name = Protocols;
			sourceTree = "<group>";
		};
		CC8F712015DB112E0099FD55 /* MFSideMenu */ = {
			isa = PBXGroup;
			children = (
				CC7DE90315F194F900220134 /* MFSideMenu.h */,
				CC7DE90415F194F900220134 /* MFSideMenuManager.h */,
				CC7DE90515F194F900220134 /* MFSideMenuManager.m */,
				CC7DE90615F194F900220134 /* UIViewController+MFSideMenu.h */,
				CC7DE90715F194F900220134 /* UIViewController+MFSideMenu.m */,
				CC8F712215DB114C0099FD55 /* back-arrow.png */,
				CC8F712315DB114C0099FD55 /* back-arrow@2x.png */,
				CC8F712415DB114C0099FD55 /* menu-icon.png */,
				CC8F712515DB114C0099FD55 /* menu-icon@2x.png */,
			);
			name = MFSideMenu;
			sourceTree = "<group>";
		};
		CCFE272F15F55F4500A417BA /* KSPopoverView */ = {
			isa = PBXGroup;
			children = (
				CCFE273015F55F4500A417BA /* KSCGUtils.h */,
				CCFE273115F55F4500A417BA /* KSCGUtils.m */,
				CCFE273215F55F4500A417BA /* KSPopoverView.h */,
				CCFE273315F55F4500A417BA /* KSPopoverView.m */,
				CCFE273415F55F4500A417BA /* KSPopoverViewButtonBase.h */,
				CCFE273515F55F4500A417BA /* KSPopoverViewButtonBase.m */,
				CCFE273615F55F4500A417BA /* KSPopoverViewButtonLabel.h */,
				CCFE273715F55F4500A417BA /* KSPopoverViewButtonLabel.m */,
				CCFE273815F55F4500A417BA /* KSPopoverViewButtonOnOff.h */,
				CCFE273915F55F4500A417BA /* KSPopoverViewButtonOnOff.m */,
				CCFE273A15F55F4500A417BA /* KSPopoverViewParentButton.h */,
				CCFE273B15F55F4500A417BA /* KSPopoverViewParentButton.m */,
				CCFE273C15F55F4500A417BA /* UIColor-Expanded.h */,
				CCFE273D15F55F4500A417BA /* UIColor-Expanded.m */,
			);
			path = KSPopoverView;
			sourceTree = "<group>";
		};
/* End PBXGroup section */

/* Begin PBXNativeTarget section */
		7EEE601215D317B700039462 /* EPubReader */ = {
			isa = PBXNativeTarget;
			buildConfigurationList = 7EEE603415D317B700039462 /* Build configuration list for PBXNativeTarget "EPubReader" */;
			buildPhases = (
				7EEE600F15D317B700039462 /* Sources */,
				7EEE601015D317B700039462 /* Frameworks */,
				7EEE601115D317B700039462 /* Resources */,
			);
			buildRules = (
			);
			dependencies = (
			);
			name = EPubReader;
			productName = EPubReader;
			productReference = 7EEE601315D317B700039462 /* EPubReader.app */;
			productType = "com.apple.product-type.application";
		};
/* End PBXNativeTarget section */

/* Begin PBXProject section */
		7EEE600A15D317B700039462 /* Project object */ = {
			isa = PBXProject;
			attributes = {
				LastUpgradeCheck = 0440;
				ORGANIZATIONNAME = "David Díaz";
			};
			buildConfigurationList = 7EEE600D15D317B700039462 /* Build configuration list for PBXProject "EPubReader" */;
			compatibilityVersion = "Xcode 3.2";
			developmentRegion = English;
			hasScannedForEncodings = 0;
			knownRegions = (
				en,
			);
			mainGroup = 7EEE600815D317B700039462;
			productRefGroup = 7EEE601415D317B700039462 /* Products */;
			projectDirPath = "";
			projectRoot = "";
			targets = (
				7EEE601215D317B700039462 /* EPubReader */,
			);
		};
/* End PBXProject section */

/* Begin PBXResourcesBuildPhase section */
		7EEE601115D317B700039462 /* Resources */ = {
			isa = PBXResourcesBuildPhase;
			buildActionMask = 2147483647;
			files = (
				CC7DE90E15F1A70D00220134 /* menu-icon.png in Resources */,
				CC7DE90F15F1A70D00220134 /* menu-icon@2x.png in Resources */,
				7EEE602215D317B700039462 /* InfoPlist.strings in Resources */,
				7EEE60A615D31DAC00039462 /* EPubViewController.xib in Resources */,
				7E8B6AD215D436C100EE70B5 /* vhugo.epub in Resources */,
				CC96830A15D5D93400280420 /* ChapterListViewController.xib in Resources */,
				CC8F716815DB30110099FD55 /* SearchResultsViewController.xib in Resources */,
				CC83DE5B15DC84DD00509A29 /* Icon.png in Resources */,
				CC83DE5D15DC84E000509A29 /* Icon@2x.png in Resources */,
				CC84EC6D15DDAADF00EED8F1 /* FontView.xib in Resources */,
				CC8819D515E707AD0025D3C9 /* SliderViewController.xib in Resources */,
				CCFECDC315ED9233006C3411 /* MainView.xib in Resources */,
				CCFE272115F5571C00A417BA /* font_image.jpeg in Resources */,
				CCFF504715FEA3B70034B011 /* icono_fuente_m.gif in Resources */,
				CCFF504D15FEA7A50034B011 /* HomeViewController.xib in Resources */,
				F1E72ADF16010CE500D3EC4F /* Default-Portrait~ipad.png in Resources */,
				F1E72AE116010CE700D3EC4F /* Default-Portrait@2x~ipad.png in Resources */,
				F1E72AE316010CEC00D3EC4F /* Default-Landscape~ipad.png in Resources */,
				F1E72AE516010CED00D3EC4F /* Default-Landscape@2x~ipad.png in Resources */,
			);
			runOnlyForDeploymentPostprocessing = 0;
		};
/* End PBXResourcesBuildPhase section */

/* Begin PBXSourcesBuildPhase section */
		7EEE600F15D317B700039462 /* Sources */ = {
			isa = PBXSourcesBuildPhase;
			buildActionMask = 2147483647;
			files = (
				7EEE602415D317B700039462 /* main.m in Sources */,
				7EEE602815D317B700039462 /* AppDelegate.m in Sources */,
				7EEE60A015D31D0800039462 /* MasterController.m in Sources */,
				7EEE60A515D31DAC00039462 /* EPubViewController.m in Sources */,
				7E8B6ACE15D4318B00EE70B5 /* Chapter.m in Sources */,
				7E8B6BD215D442F300EE70B5 /* EPubService.m in Sources */,
				7E8B6BE515D4464700EE70B5 /* ioapi.c in Sources */,
				7E8B6BE615D4464700EE70B5 /* mztools.c in Sources */,
				7E8B6BE715D4464700EE70B5 /* unzip.c in Sources */,
				7E8B6BE815D4464700EE70B5 /* zip.c in Sources */,
				7E8B6C0815D4465000EE70B5 /* CXMLDocument_CreationExtensions.m in Sources */,
				7E8B6C0915D4465000EE70B5 /* CXMLNode_CreationExtensions.m in Sources */,
				7E8B6C0A15D4465000EE70B5 /* CXHTMLDocument.m in Sources */,
				7E8B6C0B15D4465000EE70B5 /* CXMLDocument.m in Sources */,
				7E8B6C0C15D4465000EE70B5 /* CXMLDocument_PrivateExtensions.m in Sources */,
				7E8B6C0D15D4465000EE70B5 /* CXMLElement.m in Sources */,
				7E8B6C0E15D4465000EE70B5 /* CXMLElement_CreationExtensions.m in Sources */,
				7E8B6C0F15D4465000EE70B5 /* CXMLElement_ElementTreeExtensions.m in Sources */,
				7E8B6C1015D4465000EE70B5 /* CXMLNamespaceNode.m in Sources */,
				7E8B6C1115D4465000EE70B5 /* CXMLNode.m in Sources */,
				7E8B6C1215D4465000EE70B5 /* CXMLNode_PrivateExtensions.m in Sources */,
				7E8B6C1315D4465000EE70B5 /* CXMLNode_XPathExtensions.m in Sources */,
				7E8B6C1415D4465000EE70B5 /* CTidy.m in Sources */,
				7E8B6C1615D4478600EE70B5 /* ZipArchive.mm in Sources */,
				7E90C5BE15D45B1600E99ED8 /* ChapterWebDelegate.m in Sources */,
				7E90C5D215D4640B00E99ED8 /* GTMNSString+HTML.m in Sources */,
				7E90C5D315D4640B00E99ED8 /* NSString+HTML.m in Sources */,
				7E90C5D515D4640B00E99ED8 /* UIWebView+SearchWebView.m in Sources */,
				CC8F713B15DB18330099FD55 /* SideMenuViewController.m in Sources */,
				CC8F716515DB2F8A0099FD55 /* SearchWebView.js in Sources */,
				CC8C981815DC513800E283A1 /* SearchResultsViewController.m in Sources */,
				CC8C981B15DC602F00E283A1 /* SearchResult.m in Sources */,
				CC84EC7315DDAD0B00EED8F1 /* FontView.m in Sources */,
				CC8819D215E706310025D3C9 /* SliderViewController.m in Sources */,
				CC00188F15EEBCAA00B81F5C /* MainViewController.m in Sources */,
				CC7DE90815F194F900220134 /* MFSideMenuManager.m in Sources */,
				CC7DE90915F194F900220134 /* UIViewController+MFSideMenu.m in Sources */,
				CCFE273E15F55F4500A417BA /* KSCGUtils.m in Sources */,
				CCFE273F15F55F4500A417BA /* KSPopoverView.m in Sources */,
				CCFE274015F55F4500A417BA /* KSPopoverViewButtonBase.m in Sources */,
				CCFE274115F55F4500A417BA /* KSPopoverViewButtonLabel.m in Sources */,
				CCFE274215F55F4500A417BA /* KSPopoverViewButtonOnOff.m in Sources */,
				CCFE274315F55F4500A417BA /* KSPopoverViewParentButton.m in Sources */,
				CCFE274415F55F4500A417BA /* UIColor-Expanded.m in Sources */,
				CCFF504C15FEA7A50034B011 /* HomeViewController.m in Sources */,
			);
			runOnlyForDeploymentPostprocessing = 0;
		};
/* End PBXSourcesBuildPhase section */

/* Begin PBXVariantGroup section */
		7EEE602015D317B700039462 /* InfoPlist.strings */ = {
			isa = PBXVariantGroup;
			children = (
				7EEE602115D317B700039462 /* en */,
			);
			name = InfoPlist.strings;
			sourceTree = "<group>";
		};
/* End PBXVariantGroup section */

/* Begin XCBuildConfiguration section */
		7EEE603215D317B700039462 /* Debug */ = {
			isa = XCBuildConfiguration;
			buildSettings = {
				ALWAYS_SEARCH_USER_PATHS = NO;
				ARCHS = "$(ARCHS_STANDARD_32_BIT)";
				CLANG_CXX_LANGUAGE_STANDARD = "gnu++0x";
				CLANG_WARN__DUPLICATE_METHOD_MATCH = YES;
				CODE_SIGN_IDENTITY = "iPhone Developer";
				"CODE_SIGN_IDENTITY[sdk=iphoneos*]" = "iPhone Developer";
				COPY_PHASE_STRIP = NO;
				GCC_C_LANGUAGE_STANDARD = gnu99;
				GCC_DYNAMIC_NO_PIC = NO;
				GCC_OPTIMIZATION_LEVEL = 0;
				GCC_PREPROCESSOR_DEFINITIONS = (
					"DEBUG=1",
					"$(inherited)",
				);
				GCC_SYMBOLS_PRIVATE_EXTERN = NO;
				GCC_VERSION = com.apple.compilers.llvm.clang.1_0;
				GCC_WARN_ABOUT_RETURN_TYPE = YES;
				GCC_WARN_UNINITIALIZED_AUTOS = YES;
				GCC_WARN_UNUSED_VARIABLE = YES;
				IPHONEOS_DEPLOYMENT_TARGET = 5.1;
				PROVISIONING_PROFILE = "";
				SDKROOT = iphoneos;
				TARGETED_DEVICE_FAMILY = "1,2";
			};
			name = Debug;
		};
		7EEE603315D317B700039462 /* Release */ = {
			isa = XCBuildConfiguration;
			buildSettings = {
				ALWAYS_SEARCH_USER_PATHS = NO;
				ARCHS = "$(ARCHS_STANDARD_32_BIT)";
				CLANG_CXX_LANGUAGE_STANDARD = "gnu++0x";
				CLANG_WARN__DUPLICATE_METHOD_MATCH = YES;
				CODE_SIGN_IDENTITY = "iPhone Distribution";
				"CODE_SIGN_IDENTITY[sdk=iphoneos*]" = "iPhone Developer";
				COPY_PHASE_STRIP = YES;
				GCC_C_LANGUAGE_STANDARD = gnu99;
				GCC_VERSION = com.apple.compilers.llvm.clang.1_0;
				GCC_WARN_ABOUT_RETURN_TYPE = YES;
				GCC_WARN_UNINITIALIZED_AUTOS = YES;
				GCC_WARN_UNUSED_VARIABLE = YES;
				IPHONEOS_DEPLOYMENT_TARGET = 5.1;
				OTHER_CFLAGS = "-DNS_BLOCK_ASSERTIONS=1";
				PROVISIONING_PROFILE = "";
				SDKROOT = iphoneos;
				TARGETED_DEVICE_FAMILY = "1,2";
				VALIDATE_PRODUCT = YES;
			};
			name = Release;
		};
		7EEE603515D317B700039462 /* Debug */ = {
			isa = XCBuildConfiguration;
			buildSettings = {
				CODE_SIGN_IDENTITY = "iPhone Developer";
				"CODE_SIGN_IDENTITY[sdk=iphoneos*]" = "iPhone Developer";
				GCC_PRECOMPILE_PREFIX_HEADER = YES;
				GCC_PREFIX_HEADER = "EPubReader/EPubReader-Prefix.pch";
				HEADER_SEARCH_PATHS = /usr/include/libxml2;
				INFOPLIST_FILE = "EPubReader/EPubReader-Info.plist";
				LIBRARY_SEARCH_PATHS = "";
				PRODUCT_NAME = "$(TARGET_NAME)";
				PROVISIONING_PROFILE = "";
				"PROVISIONING_PROFILE[sdk=iphoneos*]" = "";
				TARGETED_DEVICE_FAMILY = 2;
				WRAPPER_EXTENSION = app;
			};
			name = Debug;
		};
		7EEE603615D317B700039462 /* Release */ = {
			isa = XCBuildConfiguration;
			buildSettings = {
				CODE_SIGN_IDENTITY = "iPhone Distribution";
				"CODE_SIGN_IDENTITY[sdk=iphoneos*]" = "iPhone Distribution";
				GCC_PRECOMPILE_PREFIX_HEADER = YES;
				GCC_PREFIX_HEADER = "EPubReader/EPubReader-Prefix.pch";
				HEADER_SEARCH_PATHS = /usr/include/libxml2;
				INFOPLIST_FILE = "EPubReader/EPubReader-Info.plist";
				LIBRARY_SEARCH_PATHS = "";
				PRODUCT_NAME = "$(TARGET_NAME)";
				PROVISIONING_PROFILE = "";
				"PROVISIONING_PROFILE[sdk=iphoneos*]" = "";
				TARGETED_DEVICE_FAMILY = 2;
				WRAPPER_EXTENSION = app;
			};
			name = Release;
		};
/* End XCBuildConfiguration section */

/* Begin XCConfigurationList section */
		7EEE600D15D317B700039462 /* Build configuration list for PBXProject "EPubReader" */ = {
			isa = XCConfigurationList;
			buildConfigurations = (
				7EEE603215D317B700039462 /* Debug */,
				7EEE603315D317B700039462 /* Release */,
			);
			defaultConfigurationIsVisible = 0;
			defaultConfigurationName = Release;
		};
		7EEE603415D317B700039462 /* Build configuration list for PBXNativeTarget "EPubReader" */ = {
			isa = XCConfigurationList;
			buildConfigurations = (
				7EEE603515D317B700039462 /* Debug */,
				7EEE603615D317B700039462 /* Release */,
			);
			defaultConfigurationIsVisible = 0;
			defaultConfigurationName = Release;
		};
/* End XCConfigurationList section */
	};
	rootObject = 7EEE600A15D317B700039462 /* Project object */;
}
